
Microsoft Visual Studio Solution File, Format Version 12.00
# Visual Studio Version 17
VisualStudioVersion = 17.2.32516.85
MinimumVisualStudioVersion = 10.0.40219.1
Project("{8BC9CEB8-8B4A-11D0-8D11-00A0C91BC942}") = "Program9_ShareOfSavings", "Program9_ShareOfSavings\Program9_ShareOfSavings.vcxproj", "{E51CD40B-3DB4-4365-A0DD-C471D9613918}"
EndProject
Global
	GlobalSection(SolutionConfigurationPlatforms) = preSolution
		Debug|x64 = Debug|x64
		Debug|x86 = Debug|x86
		Release|x64 = Release|x64
		Release|x86 = Release|x86
	EndGlobalSection
	GlobalSection(ProjectConfigurationPlatforms) = postSolution
		{E51CD40B-3DB4-4365-A0DD-C471D9613918}.Debug|x64.ActiveCfg = Debug|x64
		{E51CD40B-3DB4-4365-A0DD-C471D9613918}.Debug|x64.Build.0 = Debug|x64
		{E51CD40B-3DB4-4365-A0DD-C471D9613918}.Debug|x86.ActiveCfg = Debug|Win32
		{E51CD40B-3DB4-4365-A0DD-C471D9613918}.Debug|x86.Build.0 = Debug|Win32
		{E51CD40B-3DB4-4365-A0DD-C471D9613918}.Release|x64.ActiveCfg = Release|x64
		{E51CD40B-3DB4-4365-A0DD-C471D9613918}.Release|x64.Build.0 = Release|x64
		{E51CD40B-3DB4-4365-A0DD-C471D9613918}.Release|x86.ActiveCfg = Release|Win32
		{E51CD40B-3DB4-4365-A0DD-C471D9613918}.Release|x86.Build.0 = Release|Win32
	EndGlobalSection
	GlobalSection(SolutionProperties) = preSolution
		HideSolutionNode = FALSE
	EndGlobalSection
	GlobalSection(ExtensibilityGlobals) = postSolution
		SolutionGuid = {45A168F3-9C51-4420-9B23-1D700871A8C9}
	EndGlobalSection
EndGlobal
